// !$*UTF8*$!
{
	archiveVersion = 1;
	classes = {
	};
	objectVersion = 50;
	objects = {

/* Begin PBXBuildFile section */
		487EB6BB253FDCE300C1BA6A /* AppDelegate.m in Sources */ = {isa = PBXBuildFile; fileRef = 487EB6BA253FDCE300C1BA6A /* AppDelegate.m */; };
		487EB6BE253FDCE300C1BA6A /* SceneDelegate.m in Sources */ = {isa = PBXBuildFile; fileRef = 487EB6BD253FDCE300C1BA6A /* SceneDelegate.m */; };
		487EB6C1253FDCE300C1BA6A /* ViewController.m in Sources */ = {isa = PBXBuildFile; fileRef = 487EB6C0253FDCE300C1BA6A /* ViewController.m */; };
		487EB6C4253FDCE300C1BA6A /* Main.storyboard in Resources */ = {isa = PBXBuildFile; fileRef = 487EB6C2253FDCE300C1BA6A /* Main.storyboard */; };
		487EB6C6253FDCE600C1BA6A /* Assets.xcassets in Resources */ = {isa = PBXBuildFile; fileRef = 487EB6C5253FDCE600C1BA6A /* Assets.xcassets */; };
		487EB6C9253FDCE600C1BA6A /* LaunchScreen.storyboard in Resources */ = {isa = PBXBuildFile; fileRef = 487EB6C7253FDCE600C1BA6A /* LaunchScreen.storyboard */; };
		487EB6CC253FDCE600C1BA6A /* main.m in Sources */ = {isa = PBXBuildFile; fileRef = 487EB6CB253FDCE600C1BA6A /* main.m */; };
/* End PBXBuildFile section */

/* Begin PBXCopyFilesBuildPhase section */
		484AD29326B51833007B9A99 /* Embed Watch Content */ = {
			isa = PBXCopyFilesBuildPhase;
			buildActionMask = 2147483647;
			dstPath = "$(CONTENTS_FOLDER_PATH)/Watch";
			dstSubfolderSpec = 16;
			files = (
			);
			name = "Embed Watch Content";
			runOnlyForDeploymentPostprocessing = 0;
		};
/* End PBXCopyFilesBuildPhase section */

/* Begin PBXFileReference section */
		487EB6B6253FDCE300C1BA6A /* Garage Door.app */ = {isa = PBXFileReference; explicitFileType = wrapper.application; includeInIndex = 0; path = "Garage Door.app"; sourceTree = BUILT_PRODUCTS_DIR; };
		487EB6B9253FDCE300C1BA6A /* AppDelegate.h */ = {isa = PBXFileReference; lastKnownFileType = sourcecode.c.h; path = AppDelegate.h; sourceTree = "<group>"; };
		487EB6BA253FDCE300C1BA6A /* AppDelegate.m */ = {isa = PBXFileReference; lastKnownFileType = sourcecode.c.objc; path = AppDelegate.m; sourceTree = "<group>"; };
		487EB6BC253FDCE300C1BA6A /* SceneDelegate.h */ = {isa = PBXFileReference; lastKnownFileType = sourcecode.c.h; path = SceneDelegate.h; sourceTree = "<group>"; };
		487EB6BD253FDCE300C1BA6A /* SceneDelegate.m */ = {isa = PBXFileReference; lastKnownFileType = sourcecode.c.objc; path = SceneDelegate.m; sourceTree = "<group>"; };
		487EB6BF253FDCE300C1BA6A /* ViewController.h */ = {isa = PBXFileReference; lastKnownFileType = sourcecode.c.h; path = ViewController.h; sourceTree = "<group>"; };
		487EB6C0253FDCE300C1BA6A /* ViewController.m */ = {isa = PBXFileReference; lastKnownFileType = sourcecode.c.objc; path = ViewController.m; sourceTree = "<group>"; };
		487EB6C3253FDCE300C1BA6A /* Base */ = {isa = PBXFileReference; lastKnownFileType = file.storyboard; name = Base; path = Base.lproj/Main.storyboard; sourceTree = "<group>"; };
		487EB6C5253FDCE600C1BA6A /* Assets.xcassets */ = {isa = PBXFileReference; lastKnownFileType = folder.assetcatalog; path = Assets.xcassets; sourceTree = "<group>"; };
		487EB6C8253FDCE600C1BA6A /* Base */ = {isa = PBXFileReference; lastKnownFileType = file.storyboard; name = Base; path = Base.lproj/LaunchScreen.storyboard; sourceTree = "<group>"; };
		487EB6CA253FDCE600C1BA6A /* Info.plist */ = {isa = PBXFileReference; lastKnownFileType = text.plist.xml; path = Info.plist; sourceTree = "<group>"; };
		487EB6CB253FDCE600C1BA6A /* main.m */ = {isa = PBXFileReference; lastKnownFileType = sourcecode.c.objc; path = main.m; sourceTree = "<group>"; };
/* End PBXFileReference section */

/* Begin PBXFrameworksBuildPhase section */
		487EB6B3253FDCE300C1BA6A /* Frameworks */ = {
			isa = PBXFrameworksBuildPhase;
			buildActionMask = 2147483647;
			files = (
			);
			runOnlyForDeploymentPostprocessing = 0;
		};
/* End PBXFrameworksBuildPhase section */

/* Begin PBXGroup section */
		487EB6AD253FDCE300C1BA6A = {
			isa = PBXGroup;
			children = (
				487EB6B8253FDCE300C1BA6A /* Garage Door */,
				487EB6B7253FDCE300C1BA6A /* Products */,
			);
			sourceTree = "<group>";
		};
		487EB6B7253FDCE300C1BA6A /* Products */ = {
			isa = PBXGroup;
			children = (
				487EB6B6253FDCE300C1BA6A /* Garage Door.app */,
			);
			name = Products;
			sourceTree = "<group>";
		};
		487EB6B8253FDCE300C1BA6A /* Garage Door */ = {
			isa = PBXGroup;
			children = (
				487EB6B9253FDCE300C1BA6A /* AppDelegate.h */,
				487EB6BA253FDCE300C1BA6A /* AppDelegate.m */,
				487EB6BC253FDCE300C1BA6A /* SceneDelegate.h */,
				487EB6BD253FDCE300C1BA6A /* SceneDelegate.m */,
				487EB6BF253FDCE300C1BA6A /* ViewController.h */,
				487EB6C0253FDCE300C1BA6A /* ViewController.m */,
				487EB6C2253FDCE300C1BA6A /* Main.storyboard */,
				487EB6C5253FDCE600C1BA6A /* Assets.xcassets */,
				487EB6C7253FDCE600C1BA6A /* LaunchScreen.storyboard */,
				487EB6CA253FDCE600C1BA6A /* Info.plist */,
				487EB6CB253FDCE600C1BA6A /* main.m */,
			);
			path = "Garage Door";
			sourceTree = "<group>";
		};
/* End PBXGroup section */

/* Begin PBXNativeTarget section */
		487EB6B5253FDCE300C1BA6A /* Garage Door */ = {
			isa = PBXNativeTarget;
			buildConfigurationList = 487EB6CF253FDCE600C1BA6A /* Build configuration list for PBXNativeTarget "Garage Door" */;
			buildPhases = (
				487EB6B2253FDCE300C1BA6A /* Sources */,
				487EB6B3253FDCE300C1BA6A /* Frameworks */,
				487EB6B4253FDCE300C1BA6A /* Resources */,
				484AD29326B51833007B9A99 /* Embed Watch Content */,
			);
			buildRules = (
			);
			dependencies = (
			);
			name = "Garage Door";
			productName = "Garage Door";
			productReference = 487EB6B6253FDCE300C1BA6A /* Garage Door.app */;
			productType = "com.apple.product-type.application";
		};
/* End PBXNativeTarget section */

/* Begin PBXProject section */
		487EB6AE253FDCE300C1BA6A /* Project object */ = {
			isa = PBXProject;
			attributes = {
				LastUpgradeCheck = 1200;
				TargetAttributes = {
					487EB6B5253FDCE300C1BA6A = {
						CreatedOnToolsVersion = 12.0.1;
					};
				};
			};
			buildConfigurationList = 487EB6B1253FDCE300C1BA6A /* Build configuration list for PBXProject "Garage Door" */;
			compatibilityVersion = "Xcode 9.3";
			developmentRegion = en;
			hasScannedForEncodings = 0;
			knownRegions = (
				en,
				Base,
			);
			mainGroup = 487EB6AD253FDCE300C1BA6A;
			productRefGroup = 487EB6B7253FDCE300C1BA6A /* Products */;
			projectDirPath = "";
			projectRoot = "";
			targets = (
				487EB6B5253FDCE300C1BA6A /* Garage Door */,
			);
		};
/* End PBXProject section */

/* Begin PBXResourcesBuildPhase section */
		487EB6B4253FDCE300C1BA6A /* Resources */ = {
			isa = PBXResourcesBuildPhase;
			buildActionMask = 2147483647;
			files = (
				487EB6C9253FDCE600C1BA6A /* LaunchScreen.storyboard in Resources */,
				487EB6C6253FDCE600C1BA6A /* Assets.xcassets in Resources */,
				487EB6C4253FDCE300C1BA6A /* Main.storyboard in Resources */,
			);
			runOnlyForDeploymentPostprocessing = 0;
		};
/* End PBXResourcesBuildPhase section */

/* Begin PBXSourcesBuildPhase section */
		487EB6B2253FDCE300C1BA6A /* Sources */ = {
			isa = PBXSourcesBuildPhase;
			buildActionMask = 2147483647;
			files = (
				487EB6C1253FDCE300C1BA6A /* ViewController.m in Sources */,
				487EB6BB253FDCE300C1BA6A /* AppDelegate.m in Sources */,
				487EB6CC253FDCE600C1BA6A /* main.m in Sources */,
				487EB6BE253FDCE300C1BA6A /* SceneDelegate.m in Sources */,
			);
			runOnlyForDeploymentPostprocessing = 0;
		};
/* End PBXSourcesBuildPhase section */

/* Begin PBXVariantGroup section */
		487EB6C2253FDCE300C1BA6A /* Main.storyboard */ = {
			isa = PBXVariantGroup;
			children = (
				487EB6C3253FDCE300C1BA6A /* Base */,
			);
			name = Main.storyboard;
			sourceTree = "<group>";
		};
		487EB6C7253FDCE600C1BA6A /* LaunchScreen.storyboard */ = {
			isa = PBXVariantGroup;
			children = (
				487EB6C8253FDCE600C1BA6A /* Base */,
			);
			name = LaunchScreen.storyboard;
			sourceTree = "<group>";
		};
/* End PBXVariantGroup section */

/* Begin XCBuildConfiguration section */
		487EB6CD253FDCE600C1BA6A /* Debug */ = {
			isa = XCBuildConfiguration;
			buildSettings = {
				ALWAYS_SEARCH_USER_PATHS = NO;
				CLANG_ANALYZER_NONNULL = YES;
				CLANG_ANALYZER_NUMBER_OBJECT_CONVERSION = YES_AGGRESSIVE;
				CLANG_CXX_LANGUAGE_STANDARD = "gnu++14";
				CLANG_CXX_LIBRARY = "libc++";
				CLANG_ENABLE_MODULES = YES;
				CLANG_ENABLE_OBJC_ARC = YES;
				CLANG_ENABLE_OBJC_WEAK = YES;
				CLANG_WARN_BLOCK_CAPTURE_AUTORELEASING = YES;
				CLANG_WARN_BOOL_CONVERSION = YES;
				CLANG_WARN_COMMA = YES;
				CLANG_WARN_CONSTANT_CONVERSION = YES;
				CLANG_WARN_DEPRECATED_OBJC_IMPLEMENTATIONS = YES;
				CLANG_WARN_DIRECT_OBJC_ISA_USAGE = YES_ERROR;
				CLANG_WARN_DOCUMENTATION_COMMENTS = YES;
				CLANG_WARN_EMPTY_BODY = YES;
				CLANG_WARN_ENUM_CONVERSION = YES;
				CLANG_WARN_INFINITE_RECURSION = YES;
				CLANG_WARN_INT_CONVERSION = YES;
				CLANG_WARN_NON_LITERAL_NULL_CONVERSION = YES;
				CLANG_WARN_OBJC_IMPLICIT_RETAIN_SELF = YES;
				CLANG_WARN_OBJC_LITERAL_CONVERSION = YES;
				CLANG_WARN_OBJC_ROOT_CLASS = YES_ERROR;
				CLANG_WARN_QUOTED_INCLUDE_IN_FRAMEWORK_HEADER = YES;
				CLANG_WARN_RANGE_LOOP_ANALYSIS = YES;
				CLANG_WARN_STRICT_PROTOTYPES = YES;
				CLANG_WARN_SUSPICIOUS_MOVE = YES;
				CLANG_WARN_UNGUARDED_AVAILABILITY = YES_AGGRESSIVE;
				CLANG_WARN_UNREACHABLE_CODE = YES;
				CLANG_WARN__DUPLICATE_METHOD_MATCH = YES;
				COPY_PHASE_STRIP = NO;
				DEBUG_INFORMATION_FORMAT = dwarf;
				ENABLE_STRICT_OBJC_MSGSEND = YES;
				ENABLE_TESTABILITY = YES;
				GCC_C_LANGUAGE_STANDARD = gnu11;
				GCC_DYNAMIC_NO_PIC = NO;
				GCC_NO_COMMON_BLOCKS = YES;
				GCC_OPTIMIZATION_LEVEL = 0;
				GCC_PREPROCESSOR_DEFINITIONS = (
					"DEBUG=1",
					"$(inherited)",
				);
				GCC_WARN_64_TO_32_BIT_CONVERSION = YES;
				GCC_WARN_ABOUT_RETURN_TYPE = YES_ERROR;
				GCC_WARN_UNDECLARED_SELECTOR = YES;
				GCC_WARN_UNINITIALIZED_AUTOS = YES_AGGRESSIVE;
				GCC_WARN_UNUSED_FUNCTION = YES;
				GCC_WARN_UNUSED_VARIABLE = YES;
				IPHONEOS_DEPLOYMENT_TARGET = 13.0;
				MTL_ENABLE_DEBUG_INFO = INCLUDE_SOURCE;
				MTL_FAST_MATH = YES;
				ONLY_ACTIVE_ARCH = YES;
				SDKROOT = iphoneos;
			};
			name = Debug;
		};
		487EB6CE253FDCE600C1BA6A /* Release */ = {
			isa = XCBuildConfiguration;
			buildSettings = {
				ALWAYS_SEARCH_USER_PATHS = NO;
				CLANG_ANALYZER_NONNULL = YES;
				CLANG_ANALYZER_NUMBER_OBJECT_CONVERSION = YES_AGGRESSIVE;
				CLANG_CXX_LANGUAGE_STANDARD = "gnu++14";
				CLANG_CXX_LIBRARY = "libc++";
				CLANG_ENABLE_MODULES = YES;
				CLANG_ENABLE_OBJC_ARC = YES;
				CLANG_ENABLE_OBJC_WEAK = YES;
				CLANG_WARN_BLOCK_CAPTURE_AUTORELEASING = YES;
				CLANG_WARN_BOOL_CONVERSION = YES;
				CLANG_WARN_COMMA = YES;
				CLANG_WARN_CONSTANT_CONVERSION = YES;
				CLANG_WARN_DEPRECATED_OBJC_IMPLEMENTATIONS = YES;
				CLANG_WARN_DIRECT_OBJC_ISA_USAGE = YES_ERROR;
				CLANG_WARN_DOCUMENTATION_COMMENTS = YES;
				CLANG_WARN_EMPTY_BODY = YES;
				CLANG_WARN_ENUM_CONVERSION = YES;
				CLANG_WARN_INFINITE_RECURSION = YES;
				CLANG_WARN_INT_CONVERSION = YES;
				CLANG_WARN_NON_LITERAL_NULL_CONVERSION = YES;
				CLANG_WARN_OBJC_IMPLICIT_RETAIN_SELF = YES;
				CLANG_WARN_OBJC_LITERAL_CONVERSION = YES;
				CLANG_WARN_OBJC_ROOT_CLASS = YES_ERROR;
				CLANG_WARN_QUOTED_INCLUDE_IN_FRAMEWORK_HEADER = YES;
				CLANG_WARN_RANGE_LOOP_ANALYSIS = YES;
				CLANG_WARN_STRICT_PROTOTYPES = YES;
				CLANG_WARN_SUSPICIOUS_MOVE = YES;
				CLANG_WARN_UNGUARDED_AVAILABILITY = YES_AGGRESSIVE;
				CLANG_WARN_UNREACHABLE_CODE = YES;
				CLANG_WARN__DUPLICATE_METHOD_MATCH = YES;
				COPY_PHASE_STRIP = NO;
				DEBUG_INFORMATION_FORMAT = "dwarf-with-dsym";
				ENABLE_NS_ASSERTIONS = NO;
				ENABLE_STRICT_OBJC_MSGSEND = YES;
				GCC_C_LANGUAGE_STANDARD = gnu11;
				GCC_NO_COMMON_BLOCKS = YES;
				GCC_WARN_64_TO_32_BIT_CONVERSION = YES;
				GCC_WARN_ABOUT_RETURN_TYPE = YES_ERROR;
				GCC_WARN_UNDECLARED_SELECTOR = YES;
				GCC_WARN_UNINITIALIZED_AUTOS = YES_AGGRESSIVE;
				GCC_WARN_UNUSED_FUNCTION = YES;
				GCC_WARN_UNUSED_VARIABLE = YES;
				IPHONEOS_DEPLOYMENT_TARGET = 13.0;
				MTL_ENABLE_DEBUG_INFO = NO;
				MTL_FAST_MATH = YES;
				SDKROOT = iphoneos;
				VALIDATE_PRODUCT = YES;
			};
			name = Release;
		};
		487EB6D0253FDCE600C1BA6A /* Debug */ = {
			isa = XCBuildConfiguration;
			buildSettings = {
				ASSETCATALOG_COMPILER_APPICON_NAME = AppIcon;
				ASSETCATALOG_COMPILER_GLOBAL_ACCENT_COLOR_NAME = AccentColor;
				CODE_SIGN_STYLE = Automatic;
				DEVELOPMENT_TEAM = "";
				INFOPLIST_FILE = "Garage Door/Info.plist";
				IPHONEOS_DEPLOYMENT_TARGET = 13.0;
				LD_RUNPATH_SEARCH_PATHS = (
					"$(inherited)",
					"@executable_path/Frameworks",
				);
				PRODUCT_BUNDLE_IDENTIFIER = "com.moski.Garage-Door";
				PRODUCT_NAME = "$(TARGET_NAME)";
				TARGETED_DEVICE_FAMILY = "1,2";
			};
			name = Debug;
		};
		487EB6D1253FDCE600C1BA6A /* Release */ = {
			isa = XCBuildConfiguration;
			buildSettings = {
				ASSETCATALOG_COMPILER_APPICON_NAME = AppIcon;
				ASSETCATALOG_COMPILER_GLOBAL_ACCENT_COLOR_NAME = AccentColor;
				CODE_SIGN_STYLE = Automatic;
				DEVELOPMENT_TEAM = "";
				INFOPLIST_FILE = "Garage Door/Info.plist";
				IPHONEOS_DEPLOYMENT_TARGET = 13.0;
				LD_RUNPATH_SEARCH_PATHS = (
					"$(inherited)",
					"@executable_path/Frameworks",
				);
				PRODUCT_BUNDLE_IDENTIFIER = "com.moski.Garage-Door";
				PRODUCT_NAME = "$(TARGET_NAME)";
				TARGETED_DEVICE_FAMILY = "1,2";
			};
			name = Release;
		};
/* End XCBuildConfiguration section */

/* Begin XCConfigurationList section */
		487EB6B1253FDCE300C1BA6A /* Build configuration list for PBXProject "Garage Door" */ = {
			isa = XCConfigurationList;
			buildConfigurations = (
				487EB6CD253FDCE600C1BA6A /* Debug */,
				487EB6CE253FDCE600C1BA6A /* Release */,
			);
			defaultConfigurationIsVisible = 0;
			defaultConfigurationName = Release;
		};
		487EB6CF253FDCE600C1BA6A /* Build configuration list for PBXNativeTarget "Garage Door" */ = {
			isa = XCConfigurationList;
			buildConfigurations = (
				487EB6D0253FDCE600C1BA6A /* Debug */,
				487EB6D1253FDCE600C1BA6A /* Release */,
			);
			defaultConfigurationIsVisible = 0;
			defaultConfigurationName = Release;
		};
/* End XCConfigurationList section */
	};
	rootObject = 487EB6AE253FDCE300C1BA6A /* Project object */;
}
